{
  "originHash" : "1b5799fa823d6c7011e1290cf5dbf5eba8c08e50e8854e1e37581b39d6d4f518",
  "pins" : [
    {
      "identity" : "swissephemeris",
      "kind" : "remoteSourceControl",
      "location" : "https://github.com/vsmithers1087/SwissEphemeris",
      "state" : {
        "revision" : "9d9ac62383eafa176e744af1130dcb0da17ca325",
        "version" : "0.0.99"
      }
    }
  ],
  "version" : 3
}
